{
  "nodes": {
    "atuinPkg": {
      "inputs": {
        "fenix": "fenix",
        "flake-compat": "flake-compat",
        "flake-utils": "flake-utils",
        "nixpkgs": "nixpkgs"
      },
      "locked": {
        "lastModified": 1723635448,
        "narHash": "sha256-DitGGbiTNxU/5DP1BmAE68AeyWiyjRVStlUXPMhQqIU=",
        "owner": "atuinsh",
        "repo": "atuin",
        "rev": "72a562a38e15e12b39381d435f6977eb938783b0",
        "type": "github"
      },
      "original": {
        "owner": "atuinsh",
        "repo": "atuin",
        "type": "github"
      }
    },
    "fenix": {
      "inputs": {
        "nixpkgs": [
          "atuinPkg",
          "nixpkgs"
        ],
        "rust-analyzer-src": "rust-analyzer-src"
      },
      "locked": {
        "lastModified": 1723530607,
        "narHash": "sha256-FaXZZLLDW1D+pj7UgrIslDS8XjMMG3Pus5gAvUYWQS0=",
        "owner": "nix-community",
        "repo": "fenix",
        "rev": "296d44c440302980824c5f3b67e477cf0522e0c1",
        "type": "github"
      },
      "original": {
        "owner": "nix-community",
        "repo": "fenix",
        "type": "github"
      }
    },
    "flake-compat": {
      "flake": false,
      "locked": {
        "lastModified": 1696426674,
        "narHash": "sha256-kvjfFW7WAETZlt09AgDn1MrtKzP7t90Vf7vypd3OL1U=",
        "owner": "edolstra",
        "repo": "flake-compat",
        "rev": "0f9255e01c2351cc7d116c072cb317785dd33b33",
        "type": "github"
      },
      "original": {
        "owner": "edolstra",
        "repo": "flake-compat",
        "type": "github"
      }
    },
    "flake-utils": {
      "inputs": {
        "systems": "systems"
      },
      "locked": {
        "lastModified": 1710146030,
        "narHash": "sha256-SZ5L6eA7HJ/nmkzGG7/ISclqe6oZdOZTNoesiInkXPQ=",
        "owner": "numtide",
        "repo": "flake-utils",
        "rev": "b1d9ab70662946ef0850d488da1c9019f3a9752a",
        "type": "github"
      },
      "original": {
        "owner": "numtide",
        "repo": "flake-utils",
        "type": "github"
      }
    },
    "flake-utils_2": {
      "inputs": {
        "systems": "systems_2"
      },
      "locked": {
        "lastModified": 1710146030,
        "narHash": "sha256-SZ5L6eA7HJ/nmkzGG7/ISclqe6oZdOZTNoesiInkXPQ=",
        "owner": "numtide",
        "repo": "flake-utils",
        "rev": "b1d9ab70662946ef0850d488da1c9019f3a9752a",
        "type": "github"
      },
      "original": {
        "owner": "numtide",
        "repo": "flake-utils",
        "type": "github"
      }
    },
    "flake-utils_3": {
      "inputs": {
        "systems": "systems_3"
      },
      "locked": {
        "lastModified": 1710146030,
        "narHash": "sha256-SZ5L6eA7HJ/nmkzGG7/ISclqe6oZdOZTNoesiInkXPQ=",
        "owner": "numtide",
        "repo": "flake-utils",
        "rev": "b1d9ab70662946ef0850d488da1c9019f3a9752a",
        "type": "github"
      },
      "original": {
        "owner": "numtide",
        "repo": "flake-utils",
        "type": "github"
      }
    },
    "home-manager": {
      "inputs": {
        "nixpkgs": "nixpkgs_2"
      },
      "locked": {
        "lastModified": 1723986931,
        "narHash": "sha256-Fy+KEvDQ+Hc8lJAV3t6leXhZJ2ncU5/esxkgt3b8DEY=",
        "owner": "nix-community",
        "repo": "home-manager",
        "rev": "2598861031b78aadb4da7269df7ca9ddfc3e1671",
        "type": "github"
      },
      "original": {
        "owner": "nix-community",
        "repo": "home-manager",
        "type": "github"
      }
    },
    "nilPkg": {
      "inputs": {
        "flake-utils": "flake-utils_3",
        "nixpkgs": "nixpkgs_3",
        "rust-overlay": "rust-overlay"
      },
      "locked": {
        "lastModified": 1723948777,
        "narHash": "sha256-rX14joTzvRUiCfmCT0LUMV3Mxi79VJANcKB/kkh7Qys=",
        "owner": "oxalica",
        "repo": "nil",
        "rev": "4f3081d1f10bb61f197b780e67f426e53f818691",
        "type": "github"
      },
      "original": {
        "owner": "oxalica",
        "repo": "nil",
        "type": "github"
      }
    },
    "nixpkgs": {
      "locked": {
        "lastModified": 1723541349,
        "narHash": "sha256-LrmeqqHdPgAJsVKIJja8jGgRG/CA2y6SGT2TjX5Do68=",
        "owner": "NixOS",
        "repo": "nixpkgs",
        "rev": "4877ea239f4d02410c3516101faf35a81af0c30e",
        "type": "github"
      },
      "original": {
        "owner": "NixOS",
        "ref": "nixpkgs-unstable",
        "repo": "nixpkgs",
        "type": "github"
      }
    },
    "nixpkgs_2": {
      "locked": {
        "lastModified": 1723175592,
        "narHash": "sha256-M0xJ3FbDUc4fRZ84dPGx5VvgFsOzds77KiBMW/mMTnI=",
        "owner": "NixOS",
        "repo": "nixpkgs",
        "rev": "5e0ca22929f3342b19569b21b2f3462f053e497b",
        "type": "github"
      },
      "original": {
        "owner": "NixOS",
        "ref": "nixos-unstable",
        "repo": "nixpkgs",
        "type": "github"
      }
    },
    "nixpkgs_3": {
      "locked": {
        "lastModified": 1722730825,
        "narHash": "sha256-X6U+w8qFBuGPCYrZzc9mpN34aRjQ8604MonpBUkj908=",
        "owner": "nixos",
        "repo": "nixpkgs",
        "rev": "f3834de3782b82bfc666abf664f946d0e7d1f116",
        "type": "github"
      },
      "original": {
        "owner": "nixos",
        "ref": "nixpkgs-unstable",
        "repo": "nixpkgs",
        "type": "github"
      }
    },
    "nixpkgs_4": {
      "locked": {
        "lastModified": 1723938990,
        "narHash": "sha256-9tUadhnZQbWIiYVXH8ncfGXGvkNq3Hag4RCBEMUk7MI=",
        "owner": "nixos",
        "repo": "nixpkgs",
        "rev": "c42fcfbdfeae23e68fc520f9182dde9f38ad1890",
        "type": "github"
      },
      "original": {
        "owner": "nixos",
        "ref": "nixos-24.05",
        "repo": "nixpkgs",
        "type": "github"
      }
    },
    "nvimConfig": {
      "flake": false,
      "locked": {
        "lastModified": 1,
        "narHash": "sha256-vRjMRMM4uNraYM8/OjJuHjOxEWbGxMdJ5hFzcGQTA2U=",
        "path": "/nix/store/hskr3ni2afbgn9wj6bzawyhml5kank2x-source/vim/.vimrc",
        "type": "path"
      },
      "original": {
        "path": "/nix/store/hskr3ni2afbgn9wj6bzawyhml5kank2x-source/vim/.vimrc",
        "type": "path"
      }
    },
    "root": {
      "inputs": {
        "atuinPkg": "atuinPkg",
        "flake-utils": "flake-utils_2",
        "home-manager": "home-manager",
        "nilPkg": "nilPkg",
        "nixpkgs": "nixpkgs_4",
        "nvimConfig": "nvimConfig",
        "tmuxConf": "tmuxConf",
        "vim-oceanic-next": "vim-oceanic-next",
        "vim-quantum": "vim-quantum",
        "zshConf": "zshConf"
      }
    },
    "rust-analyzer-src": {
      "flake": false,
      "locked": {
        "lastModified": 1723473250,
        "narHash": "sha256-Ls0e6R4FmGUFXZlUcm6ZQaVNJ4Yj/nua4SSctXIopao=",
        "owner": "rust-lang",
        "repo": "rust-analyzer",
        "rev": "32a86cb1dad2b208e8f36f1bb50c2e4806b0371f",
        "type": "github"
      },
      "original": {
        "owner": "rust-lang",
        "ref": "nightly",
        "repo": "rust-analyzer",
        "type": "github"
      }
    },
    "rust-overlay": {
      "inputs": {
        "nixpkgs": [
          "nilPkg",
          "nixpkgs"
        ]
      },
      "locked": {
        "lastModified": 1722824458,
        "narHash": "sha256-2k3/geD5Yh8JT1nrGaRycje5kB0DkvQA/OUZoel1bIU=",
        "owner": "oxalica",
        "repo": "rust-overlay",
        "rev": "a8a937c304e62a5098c6276c9cdf65c19a43b1a5",
        "type": "github"
      },
      "original": {
        "owner": "oxalica",
        "repo": "rust-overlay",
        "type": "github"
      }
    },
    "systems": {
      "locked": {
        "lastModified": 1681028828,
        "narHash": "sha256-Vy1rq5AaRuLzOxct8nz4T6wlgyUR7zLU309k9mBC768=",
        "owner": "nix-systems",
        "repo": "default",
        "rev": "da67096a3b9bf56a91d16901293e51ba5b49a27e",
        "type": "github"
      },
      "original": {
        "owner": "nix-systems",
        "repo": "default",
        "type": "github"
      }
    },
    "systems_2": {
      "locked": {
        "lastModified": 1681028828,
        "narHash": "sha256-Vy1rq5AaRuLzOxct8nz4T6wlgyUR7zLU309k9mBC768=",
        "owner": "nix-systems",
        "repo": "default",
        "rev": "da67096a3b9bf56a91d16901293e51ba5b49a27e",
        "type": "github"
      },
      "original": {
        "owner": "nix-systems",
        "repo": "default",
        "type": "github"
      }
    },
    "systems_3": {
      "locked": {
        "lastModified": 1681028828,
        "narHash": "sha256-Vy1rq5AaRuLzOxct8nz4T6wlgyUR7zLU309k9mBC768=",
        "owner": "nix-systems",
        "repo": "default",
        "rev": "da67096a3b9bf56a91d16901293e51ba5b49a27e",
        "type": "github"
      },
      "original": {
        "owner": "nix-systems",
        "repo": "default",
        "type": "github"
      }
    },
    "tmuxConf": {
      "flake": false,
      "locked": {
        "lastModified": 1,
        "narHash": "sha256-/ksjaaFB8Fo7q/gpK0Jv7krqqYYcl4VqVcOziEOzxcc=",
        "path": "/nix/store/hskr3ni2afbgn9wj6bzawyhml5kank2x-source/tmux/tmux.nix",
        "type": "path"
      },
      "original": {
        "path": "/nix/store/hskr3ni2afbgn9wj6bzawyhml5kank2x-source/tmux/tmux.nix",
        "type": "path"
      }
    },
    "vim-oceanic-next": {
      "flake": false,
      "locked": {
        "lastModified": 1682948609,
        "narHash": "sha256-f5isbjoGMsLlzWkxQAU2an4lwEiIPuXKAZGyezZlv/M=",
        "owner": "mhartington",
        "repo": "oceanic-next",
        "rev": "09833f72d5ba23de2e8bcae18f479f326f5f677a",
        "type": "github"
      },
      "original": {
        "owner": "mhartington",
        "repo": "oceanic-next",
        "type": "github"
      }
    },
    "vim-quantum": {
      "flake": false,
      "locked": {
        "lastModified": 1521851603,
        "narHash": "sha256-8lFaCrjjKRlO3RObIamhlQNr/WHMgUynZonM5KQnVfI=",
        "owner": "tyrannicaltoucan",
        "repo": "vim-quantum",
        "rev": "78c435ba226f465e243b7c728b87ad13d37e9cd6",
        "type": "github"
      },
      "original": {
        "owner": "tyrannicaltoucan",
        "repo": "vim-quantum",
        "type": "github"
      }
    },
    "zshConf": {
      "flake": false,
      "locked": {
        "lastModified": 1,
        "narHash": "sha256-lDuz83NHbBh0tC4Ne/KAXXGco4MNE6QZt+EXF1rOEhQ=",
        "path": "/nix/store/hskr3ni2afbgn9wj6bzawyhml5kank2x-source/zsh/zshrc.nix",
        "type": "path"
      },
      "original": {
        "path": "/nix/store/hskr3ni2afbgn9wj6bzawyhml5kank2x-source/zsh/zshrc.nix",
        "type": "path"
      }
    }
  },
  "root": "root",
  "version": 7
}
